
Microsoft Visual Studio Solution File, Format Version 12.00
# Visual Studio 15
VisualStudioVersion = 15.0.28307.1259
MinimumVisualStudioVersion = 10.0.40219.1
Project("{FAE04EC0-301F-11D3-BF4B-00C04F79EFBC}") = "MonitorRotationer", "MonitorRotationer\MonitorRotationer.csproj", "{9CA075C8-461F-457C-BAC8-C6C82240AA72}"
EndProject
Global
	GlobalSection(SolutionConfigurationPlatforms) = preSolution
		Debug|Any CPU = Debug|Any CPU
		Release|Any CPU = Release|Any CPU
	EndGlobalSection
	GlobalSection(ProjectConfigurationPlatforms) = postSolution
		{9CA075C8-461F-457C-BAC8-C6C82240AA72}.Debug|Any CPU.ActiveCfg = Debug|Any CPU
		{9CA075C8-461F-457C-BAC8-C6C82240AA72}.Debug|Any CPU.Build.0 = Debug|Any CPU
		{9CA075C8-461F-457C-BAC8-C6C82240AA72}.Release|Any CPU.ActiveCfg = Release|Any CPU
		{9CA075C8-461F-457C-BAC8-C6C82240AA72}.Release|Any CPU.Build.0 = Release|Any CPU
	EndGlobalSection
	GlobalSection(SolutionProperties) = preSolution
		HideSolutionNode = FALSE
	EndGlobalSection
	GlobalSection(ExtensibilityGlobals) = postSolution
		VisualSVNWorkingCopyRoot = .
		SolutionGuid = {DC4119F0-AEA8-49C6-ADC6-95DB3541EC02}
	EndGlobalSection
EndGlobal
